
Microsoft Visual Studio Solution File, Format Version 12.00
Project("{2150E333-8FDC-42A3-9474-1A3956D46DE8}") = "src", "src", "{6A169513-9B32-41D1-9D86-C7E123D2A332}"
EndProject
Project("{2150E333-8FDC-42A3-9474-1A3956D46DE8}") = "tests", "tests", "{B3045509-C323-45C2-9F4D-AB8CD4B416BA}"
EndProject
Project("{FAE04EC0-301F-11D3-BF4B-00C04F79EFBC}") = "ComputerGraphics.Converters.Sdk", "src\ComputerGraphics.Converters.Sdk\ComputerGraphics.Converters.Sdk.csproj", "{C7D1B67B-EA61-4E48-9B3D-CC7417A38B68}"
EndProject
Project("{FAE04EC0-301F-11D3-BF4B-00C04F79EFBC}") = "ComputerGraphics.Jpeg", "src\ComputerGraphics.Jpeg\ComputerGraphics.Jpeg.csproj", "{EE52DF68-74CC-4334-8393-3B1F6D8D1003}"
EndProject
Project("{FAE04EC0-301F-11D3-BF4B-00C04F79EFBC}") = "ComputerGraphics.Gif", "src\ComputerGraphics.Gif\ComputerGraphics.Gif.csproj", "{5507085A-CCE2-4036-AB71-B2BA0A611EE2}"
EndProject
Project("{FAE04EC0-301F-11D3-BF4B-00C04F79EFBC}") = "ComputerGraphics.ConsoleApp", "src\ComputerGraphics.ConsoleApp\ComputerGraphics.ConsoleApp.csproj", "{B8E360D9-F09A-4AF1-A2AF-AE23BF55FA27}"
EndProject
Project("{FAE04EC0-301F-11D3-BF4B-00C04F79EFBC}") = "ComputerGraphics.RayTracing.Core", "src\ComputerGraphics.RayTracing.Core\ComputerGraphics.RayTracing.Core.csproj", "{B4EAAD18-E2C2-4064-B1C7-CF6B662B2ED0}"
EndProject
Project("{FAE04EC0-301F-11D3-BF4B-00C04F79EFBC}") = "ComputerGraphics.Ioc.Framework", "src\ComputerGraphics.Ioc.Framework\ComputerGraphics.Ioc.Framework.csproj", "{3678BB84-F2B4-4A97-A124-48EB141CD95F}"
EndProject
Project("{FAE04EC0-301F-11D3-BF4B-00C04F79EFBC}") = "ComputerGraphics.Ioc.Framework.Tests", "tests\ComputerGraphics.Ioc.Framework.Tests\ComputerGraphics.Ioc.Framework.Tests.csproj", "{56F19A90-7607-45C7-9BC9-F59FD968436B}"
EndProject
Project("{FAE04EC0-301F-11D3-BF4B-00C04F79EFBC}") = "ComputerGraphics.RayTracing.Implementation", "src\ComputerGraphics.RayTracing.Implementation\ComputerGraphics.RayTracing.Implementation.csproj", "{B4732993-0D77-4894-A5EF-8AEE14E5ADDF}"
EndProject
Project("{FAE04EC0-301F-11D3-BF4B-00C04F79EFBC}") = "ComputerGraphics.PluginLoader", "src\ComputerGraphics.PluginLoader\ComputerGraphics.PluginLoader.csproj", "{CB018B79-7A83-4F7E-932C-B98BF22AD2A6}"
EndProject
Project("{FAE04EC0-301F-11D3-BF4B-00C04F79EFBC}") = "ComputerGraphics.Converters.Ppm", "src\ComputerGraphics.Converters.Ppm\ComputerGraphics.Converters.Ppm.csproj", "{F89DFA70-742A-4ABE-A678-1A190A09C8E1}"
EndProject
Project("{FAE04EC0-301F-11D3-BF4B-00C04F79EFBC}") = "ComputerGraphics.ObjLoader", "src\ComputerGraphics.ObjLoader\ComputerGraphics.ObjLoader.csproj", "{8CCB8BF3-39A2-4795-AA07-8A7395FFA9B7}"
EndProject
Project("{FAE04EC0-301F-11D3-BF4B-00C04F79EFBC}") = "ComputerGraphics.RayTracing.Entities", "src\ComputerGraphics.RayTracing.Entities\ComputerGraphics.RayTracing.Entities.csproj", "{BCCDE25D-6C11-4B6B-A1E0-715DE941E52B}"
EndProject
Project("{FAE04EC0-301F-11D3-BF4B-00C04F79EFBC}") = "ComputerGraphics.Common", "src\ComputerGraphics.Common\ComputerGraphics.Common.csproj", "{CDE7FDE8-B9CF-4374-8C5F-12710C548CEE}"
EndProject
Project("{FAE04EC0-301F-11D3-BF4B-00C04F79EFBC}") = "ComputerGraphics.SceneLoader", "src\ComputerGraphics.SceneLoader\ComputerGraphics.SceneLoader.csproj", "{CC463E6B-345E-4D51-B85C-251A36DC5A2E}"
EndProject
Project("{FAE04EC0-301F-11D3-BF4B-00C04F79EFBC}") = "ComputerGraphics.SceneLoader.Tests", "tests\ComputerGraphics.SceneLoader.Tests\ComputerGraphics.SceneLoader.Tests.csproj", "{C2FB4F5B-45C5-41A9-B803-E0B4B419C096}"
EndProject
Global
	GlobalSection(SolutionConfigurationPlatforms) = preSolution
		Debug|Any CPU = Debug|Any CPU
		Release|Any CPU = Release|Any CPU
	EndGlobalSection
	GlobalSection(NestedProjects) = preSolution
		{C7D1B67B-EA61-4E48-9B3D-CC7417A38B68} = {6A169513-9B32-41D1-9D86-C7E123D2A332}
		{EE52DF68-74CC-4334-8393-3B1F6D8D1003} = {6A169513-9B32-41D1-9D86-C7E123D2A332}
		{5507085A-CCE2-4036-AB71-B2BA0A611EE2} = {6A169513-9B32-41D1-9D86-C7E123D2A332}
		{B8E360D9-F09A-4AF1-A2AF-AE23BF55FA27} = {6A169513-9B32-41D1-9D86-C7E123D2A332}
		{B4EAAD18-E2C2-4064-B1C7-CF6B662B2ED0} = {6A169513-9B32-41D1-9D86-C7E123D2A332}
		{3678BB84-F2B4-4A97-A124-48EB141CD95F} = {6A169513-9B32-41D1-9D86-C7E123D2A332}
		{56F19A90-7607-45C7-9BC9-F59FD968436B} = {B3045509-C323-45C2-9F4D-AB8CD4B416BA}
		{B4732993-0D77-4894-A5EF-8AEE14E5ADDF} = {6A169513-9B32-41D1-9D86-C7E123D2A332}
		{CB018B79-7A83-4F7E-932C-B98BF22AD2A6} = {6A169513-9B32-41D1-9D86-C7E123D2A332}
		{F89DFA70-742A-4ABE-A678-1A190A09C8E1} = {6A169513-9B32-41D1-9D86-C7E123D2A332}
		{8CCB8BF3-39A2-4795-AA07-8A7395FFA9B7} = {6A169513-9B32-41D1-9D86-C7E123D2A332}
		{BCCDE25D-6C11-4B6B-A1E0-715DE941E52B} = {6A169513-9B32-41D1-9D86-C7E123D2A332}
		{CDE7FDE8-B9CF-4374-8C5F-12710C548CEE} = {6A169513-9B32-41D1-9D86-C7E123D2A332}
		{CC463E6B-345E-4D51-B85C-251A36DC5A2E} = {6A169513-9B32-41D1-9D86-C7E123D2A332}
		{C2FB4F5B-45C5-41A9-B803-E0B4B419C096} = {B3045509-C323-45C2-9F4D-AB8CD4B416BA}
	EndGlobalSection
	GlobalSection(ProjectConfigurationPlatforms) = postSolution
		{C7D1B67B-EA61-4E48-9B3D-CC7417A38B68}.Debug|Any CPU.ActiveCfg = Debug|Any CPU
		{C7D1B67B-EA61-4E48-9B3D-CC7417A38B68}.Debug|Any CPU.Build.0 = Debug|Any CPU
		{C7D1B67B-EA61-4E48-9B3D-CC7417A38B68}.Release|Any CPU.ActiveCfg = Release|Any CPU
		{C7D1B67B-EA61-4E48-9B3D-CC7417A38B68}.Release|Any CPU.Build.0 = Release|Any CPU
		{EE52DF68-74CC-4334-8393-3B1F6D8D1003}.Debug|Any CPU.ActiveCfg = Debug|Any CPU
		{EE52DF68-74CC-4334-8393-3B1F6D8D1003}.Debug|Any CPU.Build.0 = Debug|Any CPU
		{EE52DF68-74CC-4334-8393-3B1F6D8D1003}.Release|Any CPU.ActiveCfg = Release|Any CPU
		{EE52DF68-74CC-4334-8393-3B1F6D8D1003}.Release|Any CPU.Build.0 = Release|Any CPU
		{5507085A-CCE2-4036-AB71-B2BA0A611EE2}.Debug|Any CPU.ActiveCfg = Debug|Any CPU
		{5507085A-CCE2-4036-AB71-B2BA0A611EE2}.Debug|Any CPU.Build.0 = Debug|Any CPU
		{5507085A-CCE2-4036-AB71-B2BA0A611EE2}.Release|Any CPU.ActiveCfg = Release|Any CPU
		{5507085A-CCE2-4036-AB71-B2BA0A611EE2}.Release|Any CPU.Build.0 = Release|Any CPU
		{B8E360D9-F09A-4AF1-A2AF-AE23BF55FA27}.Debug|Any CPU.ActiveCfg = Debug|Any CPU
		{B8E360D9-F09A-4AF1-A2AF-AE23BF55FA27}.Debug|Any CPU.Build.0 = Debug|Any CPU
		{B8E360D9-F09A-4AF1-A2AF-AE23BF55FA27}.Release|Any CPU.ActiveCfg = Release|Any CPU
		{B8E360D9-F09A-4AF1-A2AF-AE23BF55FA27}.Release|Any CPU.Build.0 = Release|Any CPU
		{B4EAAD18-E2C2-4064-B1C7-CF6B662B2ED0}.Debug|Any CPU.ActiveCfg = Debug|Any CPU
		{B4EAAD18-E2C2-4064-B1C7-CF6B662B2ED0}.Debug|Any CPU.Build.0 = Debug|Any CPU
		{B4EAAD18-E2C2-4064-B1C7-CF6B662B2ED0}.Release|Any CPU.ActiveCfg = Release|Any CPU
		{B4EAAD18-E2C2-4064-B1C7-CF6B662B2ED0}.Release|Any CPU.Build.0 = Release|Any CPU
		{3678BB84-F2B4-4A97-A124-48EB141CD95F}.Debug|Any CPU.ActiveCfg = Debug|Any CPU
		{3678BB84-F2B4-4A97-A124-48EB141CD95F}.Debug|Any CPU.Build.0 = Debug|Any CPU
		{3678BB84-F2B4-4A97-A124-48EB141CD95F}.Release|Any CPU.ActiveCfg = Release|Any CPU
		{3678BB84-F2B4-4A97-A124-48EB141CD95F}.Release|Any CPU.Build.0 = Release|Any CPU
		{56F19A90-7607-45C7-9BC9-F59FD968436B}.Debug|Any CPU.ActiveCfg = Debug|Any CPU
		{56F19A90-7607-45C7-9BC9-F59FD968436B}.Debug|Any CPU.Build.0 = Debug|Any CPU
		{56F19A90-7607-45C7-9BC9-F59FD968436B}.Release|Any CPU.ActiveCfg = Release|Any CPU
		{56F19A90-7607-45C7-9BC9-F59FD968436B}.Release|Any CPU.Build.0 = Release|Any CPU
		{B4732993-0D77-4894-A5EF-8AEE14E5ADDF}.Debug|Any CPU.ActiveCfg = Debug|Any CPU
		{B4732993-0D77-4894-A5EF-8AEE14E5ADDF}.Debug|Any CPU.Build.0 = Debug|Any CPU
		{B4732993-0D77-4894-A5EF-8AEE14E5ADDF}.Release|Any CPU.ActiveCfg = Release|Any CPU
		{B4732993-0D77-4894-A5EF-8AEE14E5ADDF}.Release|Any CPU.Build.0 = Release|Any CPU
		{CB018B79-7A83-4F7E-932C-B98BF22AD2A6}.Debug|Any CPU.ActiveCfg = Debug|Any CPU
		{CB018B79-7A83-4F7E-932C-B98BF22AD2A6}.Debug|Any CPU.Build.0 = Debug|Any CPU
		{CB018B79-7A83-4F7E-932C-B98BF22AD2A6}.Release|Any CPU.ActiveCfg = Release|Any CPU
		{CB018B79-7A83-4F7E-932C-B98BF22AD2A6}.Release|Any CPU.Build.0 = Release|Any CPU
		{F89DFA70-742A-4ABE-A678-1A190A09C8E1}.Debug|Any CPU.ActiveCfg = Debug|Any CPU
		{F89DFA70-742A-4ABE-A678-1A190A09C8E1}.Debug|Any CPU.Build.0 = Debug|Any CPU
		{F89DFA70-742A-4ABE-A678-1A190A09C8E1}.Release|Any CPU.ActiveCfg = Release|Any CPU
		{F89DFA70-742A-4ABE-A678-1A190A09C8E1}.Release|Any CPU.Build.0 = Release|Any CPU
		{8CCB8BF3-39A2-4795-AA07-8A7395FFA9B7}.Debug|Any CPU.ActiveCfg = Debug|Any CPU
		{8CCB8BF3-39A2-4795-AA07-8A7395FFA9B7}.Debug|Any CPU.Build.0 = Debug|Any CPU
		{8CCB8BF3-39A2-4795-AA07-8A7395FFA9B7}.Release|Any CPU.ActiveCfg = Release|Any CPU
		{8CCB8BF3-39A2-4795-AA07-8A7395FFA9B7}.Release|Any CPU.Build.0 = Release|Any CPU
		{BCCDE25D-6C11-4B6B-A1E0-715DE941E52B}.Debug|Any CPU.ActiveCfg = Debug|Any CPU
		{BCCDE25D-6C11-4B6B-A1E0-715DE941E52B}.Debug|Any CPU.Build.0 = Debug|Any CPU
		{BCCDE25D-6C11-4B6B-A1E0-715DE941E52B}.Release|Any CPU.ActiveCfg = Release|Any CPU
		{BCCDE25D-6C11-4B6B-A1E0-715DE941E52B}.Release|Any CPU.Build.0 = Release|Any CPU
		{CDE7FDE8-B9CF-4374-8C5F-12710C548CEE}.Debug|Any CPU.ActiveCfg = Debug|Any CPU
		{CDE7FDE8-B9CF-4374-8C5F-12710C548CEE}.Debug|Any CPU.Build.0 = Debug|Any CPU
		{CDE7FDE8-B9CF-4374-8C5F-12710C548CEE}.Release|Any CPU.ActiveCfg = Release|Any CPU
		{CDE7FDE8-B9CF-4374-8C5F-12710C548CEE}.Release|Any CPU.Build.0 = Release|Any CPU
		{CC463E6B-345E-4D51-B85C-251A36DC5A2E}.Debug|Any CPU.ActiveCfg = Debug|Any CPU
		{CC463E6B-345E-4D51-B85C-251A36DC5A2E}.Debug|Any CPU.Build.0 = Debug|Any CPU
		{CC463E6B-345E-4D51-B85C-251A36DC5A2E}.Release|Any CPU.ActiveCfg = Release|Any CPU
		{CC463E6B-345E-4D51-B85C-251A36DC5A2E}.Release|Any CPU.Build.0 = Release|Any CPU
		{C2FB4F5B-45C5-41A9-B803-E0B4B419C096}.Debug|Any CPU.ActiveCfg = Debug|Any CPU
		{C2FB4F5B-45C5-41A9-B803-E0B4B419C096}.Debug|Any CPU.Build.0 = Debug|Any CPU
		{C2FB4F5B-45C5-41A9-B803-E0B4B419C096}.Release|Any CPU.ActiveCfg = Release|Any CPU
		{C2FB4F5B-45C5-41A9-B803-E0B4B419C096}.Release|Any CPU.Build.0 = Release|Any CPU
	EndGlobalSection
EndGlobal
